
Microsoft Visual Studio Solution File, Format Version 12.00
# Visual Studio Version 16
VisualStudioVersion = 16.0.31702.278
MinimumVisualStudioVersion = 10.0.40219.1
Project("{FAE04EC0-301F-11D3-BF4B-00C04F79EFBC}") = "Hospital", "Hospital.csproj", "{D5307FAD-F857-4EBD-95EA-8DE710FC53F3}"
EndProject
Project("{FAE04EC0-301F-11D3-BF4B-00C04F79EFBC}") = "Doctors", "..\Doctors\Doctors.csproj", "{E88D7FC3-8C4D-40A3-A6DD-0BB260944D59}"
EndProject
Project("{FAE04EC0-301F-11D3-BF4B-00C04F79EFBC}") = "Patients", "..\Patients\Patients.csproj", "{59020974-17BD-4635-AB9C-8A2C2F0ECAED}"
EndProject
Project("{FAE04EC0-301F-11D3-BF4B-00C04F79EFBC}") = "Beds", "..\Beds\Beds.csproj", "{F4DBAFEF-E71D-43A9-8010-C3E9F1EBE631}"
EndProject
Project("{FAE04EC0-301F-11D3-BF4B-00C04F79EFBC}") = "Admin", "..\Admin\Admin.csproj", "{F1567F87-B34C-4E39-8F4F-1E49496689F0}"
EndProject
Global
	GlobalSection(SolutionConfigurationPlatforms) = preSolution
		Debug|Any CPU = Debug|Any CPU
		Release|Any CPU = Release|Any CPU
	EndGlobalSection
	GlobalSection(ProjectConfigurationPlatforms) = postSolution
		{D5307FAD-F857-4EBD-95EA-8DE710FC53F3}.Debug|Any CPU.ActiveCfg = Debug|Any CPU
		{D5307FAD-F857-4EBD-95EA-8DE710FC53F3}.Debug|Any CPU.Build.0 = Debug|Any CPU
		{D5307FAD-F857-4EBD-95EA-8DE710FC53F3}.Release|Any CPU.ActiveCfg = Release|Any CPU
		{D5307FAD-F857-4EBD-95EA-8DE710FC53F3}.Release|Any CPU.Build.0 = Release|Any CPU
		{E88D7FC3-8C4D-40A3-A6DD-0BB260944D59}.Debug|Any CPU.ActiveCfg = Debug|Any CPU
		{E88D7FC3-8C4D-40A3-A6DD-0BB260944D59}.Debug|Any CPU.Build.0 = Debug|Any CPU
		{E88D7FC3-8C4D-40A3-A6DD-0BB260944D59}.Release|Any CPU.ActiveCfg = Release|Any CPU
		{E88D7FC3-8C4D-40A3-A6DD-0BB260944D59}.Release|Any CPU.Build.0 = Release|Any CPU
		{59020974-17BD-4635-AB9C-8A2C2F0ECAED}.Debug|Any CPU.ActiveCfg = Debug|Any CPU
		{59020974-17BD-4635-AB9C-8A2C2F0ECAED}.Debug|Any CPU.Build.0 = Debug|Any CPU
		{59020974-17BD-4635-AB9C-8A2C2F0ECAED}.Release|Any CPU.ActiveCfg = Release|Any CPU
		{59020974-17BD-4635-AB9C-8A2C2F0ECAED}.Release|Any CPU.Build.0 = Release|Any CPU
		{F4DBAFEF-E71D-43A9-8010-C3E9F1EBE631}.Debug|Any CPU.ActiveCfg = Debug|Any CPU
		{F4DBAFEF-E71D-43A9-8010-C3E9F1EBE631}.Debug|Any CPU.Build.0 = Debug|Any CPU
		{F4DBAFEF-E71D-43A9-8010-C3E9F1EBE631}.Release|Any CPU.ActiveCfg = Release|Any CPU
		{F4DBAFEF-E71D-43A9-8010-C3E9F1EBE631}.Release|Any CPU.Build.0 = Release|Any CPU
		{F1567F87-B34C-4E39-8F4F-1E49496689F0}.Debug|Any CPU.ActiveCfg = Debug|Any CPU
		{F1567F87-B34C-4E39-8F4F-1E49496689F0}.Debug|Any CPU.Build.0 = Debug|Any CPU
		{F1567F87-B34C-4E39-8F4F-1E49496689F0}.Release|Any CPU.ActiveCfg = Release|Any CPU
		{F1567F87-B34C-4E39-8F4F-1E49496689F0}.Release|Any CPU.Build.0 = Release|Any CPU
	EndGlobalSection
	GlobalSection(SolutionProperties) = preSolution
		HideSolutionNode = FALSE
	EndGlobalSection
	GlobalSection(ExtensibilityGlobals) = postSolution
		SolutionGuid = {F10DDC89-F2BA-4C9F-87D9-7DBEB8D0F4B0}
	EndGlobalSection
EndGlobal
